# This file was autogenerated by Stack.
# You should not edit this file by hand.
# For more information, please see the documentation at:
#   https://docs.haskellstack.org/en/stable/lock_files

packages:
- completed:
    commit: 6745750c1dcafcc923fc81261433d7f22bcceb2a
    git: https://github.com/Riddarvid/AoC
    name: aoc2023
    pantry-tree:
      sha256: 0db9810ff27e758a26b043145e5420da7b3ccfd7f7b2b46211fc1681e8d8be88
      size: 5175
    subdir: src/2023/Haskell
    version: 0.1.0.0
  original:
    commit: 6745750c1dcafcc923fc81261433d7f22bcceb2a
    git: https://github.com/Riddarvid/AoC
    subdir: src/2023/Haskell
- completed:
    commit: 2edf452c26cdcaa5ae1046902d87071a2ea79ebf
    git: https://github.com/Riddarvid/aoc-utils-haskell/
    name: aoc-utils
    pantry-tree:
      sha256: a57da00e8d5293305a942e4d88b01b8e2abdc5ed5148b1beb8af2c556c2aa2c2
      size: 1088
    version: 0.1.0.0
  original:
    commit: 2edf452c26cdcaa5ae1046902d87071a2ea79ebf
    git: https://github.com/Riddarvid/aoc-utils-haskell/
snapshots:
- completed:
    sha256: a81fb3877c4f9031e1325eb3935122e608d80715dc16b586eb11ddbff8671ecd
    size: 640086
    url: https://raw.githubusercontent.com/commercialhaskell/stackage-snapshots/master/lts/21/25.yaml
  original: lts-21.25
